
Microsoft Visual Studio Solution File, Format Version 12.00
# Visual Studio Version 17
VisualStudioVersion = 17.1.32421.90
MinimumVisualStudioVersion = 10.0.40219.1
Project("{FAE04EC0-301F-11D3-BF4B-00C04F79EFBC}") = "EntityExampleBookAPI", "EntityExampleBookAPI\EntityExampleBookAPI.csproj", "{11B68137-A795-439B-8D8A-C85DF79A4C29}"
EndProject
Project("{FAE04EC0-301F-11D3-BF4B-00C04F79EFBC}") = "Book_Model", "Book_Model\Book_Model.csproj", "{BF8281B0-528F-4166-949C-6A6569155468}"
EndProject
Project("{FAE04EC0-301F-11D3-BF4B-00C04F79EFBC}") = "BookDataAccess", "BookDataAccess\BookDataAccess.csproj", "{D4765036-CC81-4495-9127-3A9AE1925341}"
EndProject
Global
	GlobalSection(SolutionConfigurationPlatforms) = preSolution
		Debug|Any CPU = Debug|Any CPU
		Release|Any CPU = Release|Any CPU
	EndGlobalSection
	GlobalSection(ProjectConfigurationPlatforms) = postSolution
		{11B68137-A795-439B-8D8A-C85DF79A4C29}.Debug|Any CPU.ActiveCfg = Debug|Any CPU
		{11B68137-A795-439B-8D8A-C85DF79A4C29}.Debug|Any CPU.Build.0 = Debug|Any CPU
		{11B68137-A795-439B-8D8A-C85DF79A4C29}.Release|Any CPU.ActiveCfg = Release|Any CPU
		{11B68137-A795-439B-8D8A-C85DF79A4C29}.Release|Any CPU.Build.0 = Release|Any CPU
		{BF8281B0-528F-4166-949C-6A6569155468}.Debug|Any CPU.ActiveCfg = Debug|Any CPU
		{BF8281B0-528F-4166-949C-6A6569155468}.Debug|Any CPU.Build.0 = Debug|Any CPU
		{BF8281B0-528F-4166-949C-6A6569155468}.Release|Any CPU.ActiveCfg = Release|Any CPU
		{BF8281B0-528F-4166-949C-6A6569155468}.Release|Any CPU.Build.0 = Release|Any CPU
		{D4765036-CC81-4495-9127-3A9AE1925341}.Debug|Any CPU.ActiveCfg = Debug|Any CPU
		{D4765036-CC81-4495-9127-3A9AE1925341}.Debug|Any CPU.Build.0 = Debug|Any CPU
		{D4765036-CC81-4495-9127-3A9AE1925341}.Release|Any CPU.ActiveCfg = Release|Any CPU
		{D4765036-CC81-4495-9127-3A9AE1925341}.Release|Any CPU.Build.0 = Release|Any CPU
	EndGlobalSection
	GlobalSection(SolutionProperties) = preSolution
		HideSolutionNode = FALSE
	EndGlobalSection
	GlobalSection(ExtensibilityGlobals) = postSolution
		SolutionGuid = {36A6B2A5-2FC5-45BB-B330-BB640828ED9B}
	EndGlobalSection
EndGlobal
